
Microsoft Visual Studio Solution File, Format Version 12.00
# Visual Studio Version 16
VisualStudioVersion = 16.0.30114.105
MinimumVisualStudioVersion = 10.0.40219.1
Project("{FAE04EC0-301F-11D3-BF4B-00C04F79EFBC}") = "SharedKernel", "src\SharedKernel.csproj", "{5EFA4512-13A6-40B9-B003-B50DAE1B5B29}"
EndProject
Project("{FAE04EC0-301F-11D3-BF4B-00C04F79EFBC}") = "UnitTest", "test\UnitTest.csproj", "{CA16E2AE-B644-4ACE-82CC-784BD73EAD9F}"
EndProject
Global
	GlobalSection(SolutionConfigurationPlatforms) = preSolution
		Debug|Any CPU = Debug|Any CPU
		Release|Any CPU = Release|Any CPU
	EndGlobalSection
	GlobalSection(SolutionProperties) = preSolution
		HideSolutionNode = FALSE
	EndGlobalSection
	GlobalSection(ProjectConfigurationPlatforms) = postSolution
		{5EFA4512-13A6-40B9-B003-B50DAE1B5B29}.Debug|Any CPU.ActiveCfg = Debug|Any CPU
		{5EFA4512-13A6-40B9-B003-B50DAE1B5B29}.Debug|Any CPU.Build.0 = Debug|Any CPU
		{5EFA4512-13A6-40B9-B003-B50DAE1B5B29}.Release|Any CPU.ActiveCfg = Release|Any CPU
		{5EFA4512-13A6-40B9-B003-B50DAE1B5B29}.Release|Any CPU.Build.0 = Release|Any CPU
		{CA16E2AE-B644-4ACE-82CC-784BD73EAD9F}.Debug|Any CPU.ActiveCfg = Debug|Any CPU
		{CA16E2AE-B644-4ACE-82CC-784BD73EAD9F}.Debug|Any CPU.Build.0 = Debug|Any CPU
		{CA16E2AE-B644-4ACE-82CC-784BD73EAD9F}.Release|Any CPU.ActiveCfg = Release|Any CPU
		{CA16E2AE-B644-4ACE-82CC-784BD73EAD9F}.Release|Any CPU.Build.0 = Release|Any CPU
	EndGlobalSection
EndGlobal
